
Microsoft Visual Studio Solution File, Format Version 12.00
# Visual Studio 15
VisualStudioVersion = 15.0.27428.2043
MinimumVisualStudioVersion = 10.0.40219.1
Project("{FAE04EC0-301F-11D3-BF4B-00C04F79EFBC}") = "StringConcatenatorTester", "StringConcatenator\StringConcatenatorTester.csproj", "{1A85EED9-A616-4175-8D09-E59619A5C766}"
EndProject
Project("{FAE04EC0-301F-11D3-BF4B-00C04F79EFBC}") = "StringConcatenatorLogic", "StringConcatenatorLogic\StringConcatenatorLogic.csproj", "{10528ECC-B0D7-4654-AAE8-C61B81F209CF}"
EndProject
Global
	GlobalSection(SolutionConfigurationPlatforms) = preSolution
		Debug|Any CPU = Debug|Any CPU
		Release|Any CPU = Release|Any CPU
	EndGlobalSection
	GlobalSection(ProjectConfigurationPlatforms) = postSolution
		{1A85EED9-A616-4175-8D09-E59619A5C766}.Debug|Any CPU.ActiveCfg = Debug|Any CPU
		{1A85EED9-A616-4175-8D09-E59619A5C766}.Debug|Any CPU.Build.0 = Debug|Any CPU
		{1A85EED9-A616-4175-8D09-E59619A5C766}.Release|Any CPU.ActiveCfg = Release|Any CPU
		{1A85EED9-A616-4175-8D09-E59619A5C766}.Release|Any CPU.Build.0 = Release|Any CPU
		{10528ECC-B0D7-4654-AAE8-C61B81F209CF}.Debug|Any CPU.ActiveCfg = Debug|Any CPU
		{10528ECC-B0D7-4654-AAE8-C61B81F209CF}.Debug|Any CPU.Build.0 = Debug|Any CPU
		{10528ECC-B0D7-4654-AAE8-C61B81F209CF}.Release|Any CPU.ActiveCfg = Release|Any CPU
		{10528ECC-B0D7-4654-AAE8-C61B81F209CF}.Release|Any CPU.Build.0 = Release|Any CPU
	EndGlobalSection
	GlobalSection(SolutionProperties) = preSolution
		HideSolutionNode = FALSE
	EndGlobalSection
	GlobalSection(ExtensibilityGlobals) = postSolution
		SolutionGuid = {903AD9E9-210C-4B8C-BA35-A24AD98E0104}
	EndGlobalSection
EndGlobal
